
Microsoft Visual Studio Solution File, Format Version 12.00
# Visual Studio 2012
Project("{FAE04EC0-301F-11D3-BF4B-00C04F79EFBC}") = "TextSharpUtils", "TextSharpUtils\TextSharpUtils.csproj", "{6FFEA081-2790-417B-9F5F-9232FA192478}"
EndProject
Project("{FAE04EC0-301F-11D3-BF4B-00C04F79EFBC}") = "TS.Utilities", "TS.Utilities\TS.Utilities.csproj", "{26459371-E538-4085-95CA-0FF9918CC732}"
EndProject
Project("{FAE04EC0-301F-11D3-BF4B-00C04F79EFBC}") = "TestSharpUtils.UnitTests", "TestSharpUtils.UnitTests\TestSharpUtils.UnitTests.csproj", "{BB5ED0F2-1501-43AB-95BE-F1C9FA628FB5}"
EndProject
Project("{FAE04EC0-301F-11D3-BF4B-00C04F79EFBC}") = "TS.Interfaces", "TS.Interfaces\TS.Interfaces.csproj", "{C432A690-7D82-44CB-887E-D75AAEE1A413}"
EndProject
Global
	GlobalSection(SubversionScc) = preSolution
		Svn-Managed = True
		Manager = AnkhSVN - Subversion Support for Visual Studio
	EndGlobalSection
	GlobalSection(SolutionConfigurationPlatforms) = preSolution
		Debug|Any CPU = Debug|Any CPU
		Release|Any CPU = Release|Any CPU
	EndGlobalSection
	GlobalSection(ProjectConfigurationPlatforms) = postSolution
		{6FFEA081-2790-417B-9F5F-9232FA192478}.Debug|Any CPU.ActiveCfg = Debug|Any CPU
		{6FFEA081-2790-417B-9F5F-9232FA192478}.Debug|Any CPU.Build.0 = Debug|Any CPU
		{6FFEA081-2790-417B-9F5F-9232FA192478}.Release|Any CPU.ActiveCfg = Release|Any CPU
		{6FFEA081-2790-417B-9F5F-9232FA192478}.Release|Any CPU.Build.0 = Release|Any CPU
		{26459371-E538-4085-95CA-0FF9918CC732}.Debug|Any CPU.ActiveCfg = Debug|Any CPU
		{26459371-E538-4085-95CA-0FF9918CC732}.Debug|Any CPU.Build.0 = Debug|Any CPU
		{26459371-E538-4085-95CA-0FF9918CC732}.Release|Any CPU.ActiveCfg = Release|Any CPU
		{26459371-E538-4085-95CA-0FF9918CC732}.Release|Any CPU.Build.0 = Release|Any CPU
		{BB5ED0F2-1501-43AB-95BE-F1C9FA628FB5}.Debug|Any CPU.ActiveCfg = Debug|Any CPU
		{BB5ED0F2-1501-43AB-95BE-F1C9FA628FB5}.Debug|Any CPU.Build.0 = Debug|Any CPU
		{BB5ED0F2-1501-43AB-95BE-F1C9FA628FB5}.Release|Any CPU.ActiveCfg = Release|Any CPU
		{BB5ED0F2-1501-43AB-95BE-F1C9FA628FB5}.Release|Any CPU.Build.0 = Release|Any CPU
		{C432A690-7D82-44CB-887E-D75AAEE1A413}.Debug|Any CPU.ActiveCfg = Debug|Any CPU
		{C432A690-7D82-44CB-887E-D75AAEE1A413}.Debug|Any CPU.Build.0 = Debug|Any CPU
		{C432A690-7D82-44CB-887E-D75AAEE1A413}.Release|Any CPU.ActiveCfg = Release|Any CPU
		{C432A690-7D82-44CB-887E-D75AAEE1A413}.Release|Any CPU.Build.0 = Release|Any CPU
	EndGlobalSection
	GlobalSection(SolutionProperties) = preSolution
		HideSolutionNode = FALSE
	EndGlobalSection
EndGlobal
